
Microsoft Visual Studio Solution File, Format Version 12.00
# Visual Studio Version 17
VisualStudioVersion = 17.14.36623.8 d17.14
MinimumVisualStudioVersion = 10.0.40219.1
Project("{FAE04EC0-301F-11D3-BF4B-00C04F79EFBC}") = "EncuestasAcme", "EncuestasAcme\EncuestasAcme.csproj", "{2CBE21BD-DD00-4C25-87B7-74CAAE8BA10A}"
EndProject
Global
	GlobalSection(SolutionConfigurationPlatforms) = preSolution
		Debug|Any CPU = Debug|Any CPU
		Release|Any CPU = Release|Any CPU
	EndGlobalSection
	GlobalSection(ProjectConfigurationPlatforms) = postSolution
		{2CBE21BD-DD00-4C25-87B7-74CAAE8BA10A}.Debug|Any CPU.ActiveCfg = Debug|Any CPU
		{2CBE21BD-DD00-4C25-87B7-74CAAE8BA10A}.Debug|Any CPU.Build.0 = Debug|Any CPU
		{2CBE21BD-DD00-4C25-87B7-74CAAE8BA10A}.Release|Any CPU.ActiveCfg = Release|Any CPU
		{2CBE21BD-DD00-4C25-87B7-74CAAE8BA10A}.Release|Any CPU.Build.0 = Release|Any CPU
	EndGlobalSection
	GlobalSection(SolutionProperties) = preSolution
		HideSolutionNode = FALSE
	EndGlobalSection
	GlobalSection(ExtensibilityGlobals) = postSolution
		SolutionGuid = {B039DE17-E327-42E7-972C-BBABC7917863}
	EndGlobalSection
EndGlobal
